
Microsoft Visual Studio Solution File, Format Version 12.00
# Visual Studio 14
VisualStudioVersion = 14.0.25123.0
MinimumVisualStudioVersion = 10.0.40219.1
Project("{FAE04EC0-301F-11D3-BF4B-00C04F79EFBC}") = "DangEasy.CosmosDb.Repository", "DangEasy.CosmosDb.Repository\DangEasy.CosmosDb.Repository.csproj", "{62596E13-D1C1-45B5-8D66-5B0F7375C47D}"
EndProject
Project("{2150E333-8FDC-42A3-9474-1A3956D46DE8}") = "_Example", "_Example", "{5364877A-FA17-4D8F-B04B-53BA581F90D1}"
EndProject
Project("{FAE04EC0-301F-11D3-BF4B-00C04F79EFBC}") = "Example.Console", "Example.Console\Example.Console.csproj", "{4CB53728-645E-422C-AD54-9FD3727DB0C1}"
EndProject
Project("{FAE04EC0-301F-11D3-BF4B-00C04F79EFBC}") = "DangEasy.CosmosDb.Repository.Test", "DangEasy.CosmosDb.Repository.Test\DangEasy.CosmosDb.Repository.Test.csproj", "{78CAD7EA-6385-41B0-B44C-F21349F54653}"
EndProject
Project("{2150E333-8FDC-42A3-9474-1A3956D46DE8}") = "_Test", "_Test", "{A44E02F7-7D46-43BF-AF9D-F46398471548}"
EndProject
Global
	GlobalSection(SolutionConfigurationPlatforms) = preSolution
		Debug|Any CPU = Debug|Any CPU
		Release|Any CPU = Release|Any CPU
	EndGlobalSection
	GlobalSection(ProjectConfigurationPlatforms) = postSolution
		{62596E13-D1C1-45B5-8D66-5B0F7375C47D}.Debug|Any CPU.ActiveCfg = Debug|Any CPU
		{62596E13-D1C1-45B5-8D66-5B0F7375C47D}.Debug|Any CPU.Build.0 = Debug|Any CPU
		{62596E13-D1C1-45B5-8D66-5B0F7375C47D}.Release|Any CPU.ActiveCfg = Release|Any CPU
		{62596E13-D1C1-45B5-8D66-5B0F7375C47D}.Release|Any CPU.Build.0 = Release|Any CPU
		{4CB53728-645E-422C-AD54-9FD3727DB0C1}.Debug|Any CPU.ActiveCfg = Debug|Any CPU
		{4CB53728-645E-422C-AD54-9FD3727DB0C1}.Debug|Any CPU.Build.0 = Debug|Any CPU
		{4CB53728-645E-422C-AD54-9FD3727DB0C1}.Release|Any CPU.ActiveCfg = Release|Any CPU
		{4CB53728-645E-422C-AD54-9FD3727DB0C1}.Release|Any CPU.Build.0 = Release|Any CPU
		{78CAD7EA-6385-41B0-B44C-F21349F54653}.Debug|Any CPU.ActiveCfg = Debug|Any CPU
		{78CAD7EA-6385-41B0-B44C-F21349F54653}.Debug|Any CPU.Build.0 = Debug|Any CPU
		{78CAD7EA-6385-41B0-B44C-F21349F54653}.Release|Any CPU.ActiveCfg = Release|Any CPU
		{78CAD7EA-6385-41B0-B44C-F21349F54653}.Release|Any CPU.Build.0 = Release|Any CPU
	EndGlobalSection
	GlobalSection(SolutionProperties) = preSolution
		HideSolutionNode = FALSE
	EndGlobalSection
	GlobalSection(NestedProjects) = preSolution
		{4CB53728-645E-422C-AD54-9FD3727DB0C1} = {5364877A-FA17-4D8F-B04B-53BA581F90D1}
		{78CAD7EA-6385-41B0-B44C-F21349F54653} = {A44E02F7-7D46-43BF-AF9D-F46398471548}
	EndGlobalSection
	GlobalSection(ExtensibilityGlobals) = postSolution
		EnterpriseLibraryConfigurationToolBinariesPathV6 = packages\EnterpriseLibrary.TransientFaultHandling.6.0.1304.0\lib\portable-net45+win+wp8
	EndGlobalSection
EndGlobal
