
Microsoft Visual Studio Solution File, Format Version 12.00
# Visual Studio 14
VisualStudioVersion = 14.0.25123.0
MinimumVisualStudioVersion = 10.0.40219.1
Project("{FAE04EC0-301F-11D3-BF4B-00C04F79EFBC}") = "DangEasy.CosmosDb", "DangEasy.CosmosDb\DangEasy.CosmosDb.csproj", "{62596E13-D1C1-45B5-8D66-5B0F7375C47D}"
EndProject
Project("{2150E333-8FDC-42A3-9474-1A3956D46DE8}") = "Samples", "Samples", "{5364877A-FA17-4D8F-B04B-53BA581F90D1}"
EndProject
Project("{FAE04EC0-301F-11D3-BF4B-00C04F79EFBC}") = "DangEasy.CosmosDb.Samples", "DangEasy.CosmosDb.Samples\DangEasy.CosmosDb.Samples.csproj", "{4CB53728-645E-422C-AD54-9FD3727DB0C1}"
EndProject
Global
	GlobalSection(SolutionConfigurationPlatforms) = preSolution
		Debug|Any CPU = Debug|Any CPU
		Release|Any CPU = Release|Any CPU
	EndGlobalSection
	GlobalSection(ProjectConfigurationPlatforms) = postSolution
		{62596E13-D1C1-45B5-8D66-5B0F7375C47D}.Debug|Any CPU.ActiveCfg = Debug|Any CPU
		{62596E13-D1C1-45B5-8D66-5B0F7375C47D}.Debug|Any CPU.Build.0 = Debug|Any CPU
		{62596E13-D1C1-45B5-8D66-5B0F7375C47D}.Release|Any CPU.ActiveCfg = Release|Any CPU
		{62596E13-D1C1-45B5-8D66-5B0F7375C47D}.Release|Any CPU.Build.0 = Release|Any CPU
		{4CB53728-645E-422C-AD54-9FD3727DB0C1}.Debug|Any CPU.ActiveCfg = Debug|Any CPU
		{4CB53728-645E-422C-AD54-9FD3727DB0C1}.Debug|Any CPU.Build.0 = Debug|Any CPU
		{4CB53728-645E-422C-AD54-9FD3727DB0C1}.Release|Any CPU.ActiveCfg = Release|Any CPU
		{4CB53728-645E-422C-AD54-9FD3727DB0C1}.Release|Any CPU.Build.0 = Release|Any CPU
	EndGlobalSection
	GlobalSection(SolutionProperties) = preSolution
		HideSolutionNode = FALSE
	EndGlobalSection
	GlobalSection(NestedProjects) = preSolution
		{4CB53728-645E-422C-AD54-9FD3727DB0C1} = {5364877A-FA17-4D8F-B04B-53BA581F90D1}
	EndGlobalSection
	GlobalSection(ExtensibilityGlobals) = postSolution
		EnterpriseLibraryConfigurationToolBinariesPathV6 = packages\EnterpriseLibrary.TransientFaultHandling.6.0.1304.0\lib\portable-net45+win+wp8
	EndGlobalSection
EndGlobal
